
Microsoft Visual Studio Solution File, Format Version 12.00
# Visual Studio Version 16
VisualStudioVersion = 16.0.32228.343
MinimumVisualStudioVersion = 10.0.40219.1
Project("{FAE04EC0-301F-11D3-BF4B-00C04F79EFBC}") = "DBWinForm", "DBWinForm\DBWinForm.csproj", "{DAE354C9-904E-4126-8B41-13C82210ADF7}"
EndProject
Global
	GlobalSection(SolutionConfigurationPlatforms) = preSolution
		Debug|Any CPU = Debug|Any CPU
		Release|Any CPU = Release|Any CPU
	EndGlobalSection
	GlobalSection(ProjectConfigurationPlatforms) = postSolution
		{DAE354C9-904E-4126-8B41-13C82210ADF7}.Debug|Any CPU.ActiveCfg = Debug|Any CPU
		{DAE354C9-904E-4126-8B41-13C82210ADF7}.Debug|Any CPU.Build.0 = Debug|Any CPU
		{DAE354C9-904E-4126-8B41-13C82210ADF7}.Release|Any CPU.ActiveCfg = Release|Any CPU
		{DAE354C9-904E-4126-8B41-13C82210ADF7}.Release|Any CPU.Build.0 = Release|Any CPU
	EndGlobalSection
	GlobalSection(SolutionProperties) = preSolution
		HideSolutionNode = FALSE
	EndGlobalSection
	GlobalSection(ExtensibilityGlobals) = postSolution
		SolutionGuid = {BB16CF43-7F30-467F-A389-76AA19D664F6}
	EndGlobalSection
EndGlobal
